
Microsoft Visual Studio Solution File, Format Version 12.00
# Visual Studio Version 17
VisualStudioVersion = 17.5.33424.131
MinimumVisualStudioVersion = 10.0.40219.1
Project("{9A19103F-16F7-4668-BE54-9A1E7A4F7556}") = "EasyGrid.AF", "EasyGrid.AF\EasyGrid.AF.csproj", "{E1057714-8A64-43D7-BC1A-8A5020B32B62}"
EndProject
Project("{FAE04EC0-301F-11D3-BF4B-00C04F79EFBC}") = "EasyGrid.Core", "EasyGrid.Core\EasyGrid.Core.csproj", "{E50FAFDD-099C-4CB9-AA7F-571DD2FD9C46}"
EndProject
Global
	GlobalSection(SolutionConfigurationPlatforms) = preSolution
		Debug|Any CPU = Debug|Any CPU
		Release|Any CPU = Release|Any CPU
	EndGlobalSection
	GlobalSection(ProjectConfigurationPlatforms) = postSolution
		{E1057714-8A64-43D7-BC1A-8A5020B32B62}.Debug|Any CPU.ActiveCfg = Debug|Any CPU
		{E1057714-8A64-43D7-BC1A-8A5020B32B62}.Debug|Any CPU.Build.0 = Debug|Any CPU
		{E1057714-8A64-43D7-BC1A-8A5020B32B62}.Release|Any CPU.ActiveCfg = Release|Any CPU
		{E1057714-8A64-43D7-BC1A-8A5020B32B62}.Release|Any CPU.Build.0 = Release|Any CPU
		{E50FAFDD-099C-4CB9-AA7F-571DD2FD9C46}.Debug|Any CPU.ActiveCfg = Debug|Any CPU
		{E50FAFDD-099C-4CB9-AA7F-571DD2FD9C46}.Debug|Any CPU.Build.0 = Debug|Any CPU
		{E50FAFDD-099C-4CB9-AA7F-571DD2FD9C46}.Release|Any CPU.ActiveCfg = Release|Any CPU
		{E50FAFDD-099C-4CB9-AA7F-571DD2FD9C46}.Release|Any CPU.Build.0 = Release|Any CPU
	EndGlobalSection
	GlobalSection(SolutionProperties) = preSolution
		HideSolutionNode = FALSE
	EndGlobalSection
	GlobalSection(ExtensibilityGlobals) = postSolution
		SolutionGuid = {1F71E247-CBC8-46F7-965F-77EE9ABD354D}
	EndGlobalSection
EndGlobal
